
Microsoft Visual Studio Solution File, Format Version 12.00
# Visual Studio Version 17
VisualStudioVersion = 17.14.36414.22 d17.14
MinimumVisualStudioVersion = 10.0.40219.1
Project("{FAE04EC0-301F-11D3-BF4B-00C04F79EFBC}") = "Phonebook", "Phonebook.csproj", "{24473B21-F4A5-4949-9D53-DE07551EC8AB}"
EndProject
Global
	GlobalSection(SolutionConfigurationPlatforms) = preSolution
		Debug|Any CPU = Debug|Any CPU
		Release|Any CPU = Release|Any CPU
	EndGlobalSection
	GlobalSection(ProjectConfigurationPlatforms) = postSolution
		{24473B21-F4A5-4949-9D53-DE07551EC8AB}.Debug|Any CPU.ActiveCfg = Debug|Any CPU
		{24473B21-F4A5-4949-9D53-DE07551EC8AB}.Debug|Any CPU.Build.0 = Debug|Any CPU
		{24473B21-F4A5-4949-9D53-DE07551EC8AB}.Debug|Any CPU.Deploy.0 = Debug|Any CPU
		{24473B21-F4A5-4949-9D53-DE07551EC8AB}.Release|Any CPU.ActiveCfg = Release|Any CPU
		{24473B21-F4A5-4949-9D53-DE07551EC8AB}.Release|Any CPU.Build.0 = Release|Any CPU
		{24473B21-F4A5-4949-9D53-DE07551EC8AB}.Release|Any CPU.Deploy.0 = Release|Any CPU
	EndGlobalSection
	GlobalSection(SolutionProperties) = preSolution
		HideSolutionNode = FALSE
	EndGlobalSection
	GlobalSection(ExtensibilityGlobals) = postSolution
		SolutionGuid = {E50A38B8-DD53-4C26-A358-81FDD0D1FC44}
	EndGlobalSection
EndGlobal
